// !$*UTF8*$!
{
	archiveVersion = 1;
	classes = {
	};
	objectVersion = 48;
	objects = {

/* Begin PBXBuildFile section */
		002206205DD0AE160B1FB440 /* Pods_SmackChat.framework in Frameworks */ = {isa = PBXBuildFile; fileRef = 244AA540E9996EF743E3ADF0 /* Pods_SmackChat.framework */; };
		6706004E1F89B33E00DE605F /* MessageService.swift in Sources */ = {isa = PBXBuildFile; fileRef = 6706004D1F89B33E00DE605F /* MessageService.swift */; };
		670600501F89B37400DE605F /* Channel.swift in Sources */ = {isa = PBXBuildFile; fileRef = 6706004F1F89B37400DE605F /* Channel.swift */; };
		671824F41F6EF15A0041A8B2 /* CreateAccountVC.swift in Sources */ = {isa = PBXBuildFile; fileRef = 671824F31F6EF15A0041A8B2 /* CreateAccountVC.swift */; };
		671C9EC91F7AD0B5009CF7A4 /* ProfileVCViewController.swift in Sources */ = {isa = PBXBuildFile; fileRef = 671C9EC71F7AD0B5009CF7A4 /* ProfileVCViewController.swift */; };
		671C9ECA1F7AD0B5009CF7A4 /* ProfileVCViewController.xib in Resources */ = {isa = PBXBuildFile; fileRef = 671C9EC81F7AD0B5009CF7A4 /* ProfileVCViewController.xib */; };
		6729AA981F76B9A1006F1A9E /* AvatarPickerVC.swift in Sources */ = {isa = PBXBuildFile; fileRef = 6729AA971F76B9A1006F1A9E /* AvatarPickerVC.swift */; };
		6729AA9A1F76BB3E006F1A9E /* AvatarCell.swift in Sources */ = {isa = PBXBuildFile; fileRef = 6729AA991F76BB3E006F1A9E /* AvatarCell.swift */; };
		6729AA9C1F782690006F1A9E /* CircleImage.swift in Sources */ = {isa = PBXBuildFile; fileRef = 6729AA9B1F782690006F1A9E /* CircleImage.swift */; };
		672B1D651F7493DC00928E77 /* UserDataService.swift in Sources */ = {isa = PBXBuildFile; fileRef = 672B1D641F7493DC00928E77 /* UserDataService.swift */; };
		67364EFD1F69C80100D445C7 /* SWRevealViewController.m in Sources */ = {isa = PBXBuildFile; fileRef = 67AA9AD81F687A9800CE6357 /* SWRevealViewController.m */; };
		675B0B121F68782400BEC18C /* AppDelegate.swift in Sources */ = {isa = PBXBuildFile; fileRef = 675B0B111F68782400BEC18C /* AppDelegate.swift */; };
		675B0B171F68782400BEC18C /* Main.storyboard in Resources */ = {isa = PBXBuildFile; fileRef = 675B0B151F68782400BEC18C /* Main.storyboard */; };
		675B0B191F68782400BEC18C /* Assets.xcassets in Resources */ = {isa = PBXBuildFile; fileRef = 675B0B181F68782400BEC18C /* Assets.xcassets */; };
		675B0B1C1F68782400BEC18C /* LaunchScreen.storyboard in Resources */ = {isa = PBXBuildFile; fileRef = 675B0B1A1F68782400BEC18C /* LaunchScreen.storyboard */; };
		6778815B1F71B49500AEB24E /* AuthService.swift in Sources */ = {isa = PBXBuildFile; fileRef = 6778815A1F71B49500AEB24E /* AuthService.swift */; };
		6778815D1F71BEFE00AEB24E /* RoundedButton.swift in Sources */ = {isa = PBXBuildFile; fileRef = 6778815C1F71BEFE00AEB24E /* RoundedButton.swift */; };
		67AA9ADD1F687C5A00CE6357 /* ChatVC.swift in Sources */ = {isa = PBXBuildFile; fileRef = 67AA9ADC1F687C5A00CE6357 /* ChatVC.swift */; };
		67AA9ADF1F687C6C00CE6357 /* ChannelVC.swift in Sources */ = {isa = PBXBuildFile; fileRef = 67AA9ADE1F687C6C00CE6357 /* ChannelVC.swift */; };
		67DEA3111F6DBD2300CC6685 /* GradientView.swift in Sources */ = {isa = PBXBuildFile; fileRef = 67DEA3101F6DBD2300CC6685 /* GradientView.swift */; };
		67DEA3141F6DCA2200CC6685 /* Constants.swift in Sources */ = {isa = PBXBuildFile; fileRef = 67DEA3131F6DCA2200CC6685 /* Constants.swift */; };
		67DEA3161F6DCDB700CC6685 /* LoginVC.swift in Sources */ = {isa = PBXBuildFile; fileRef = 67DEA3151F6DCDB700CC6685 /* LoginVC.swift */; };
/* End PBXBuildFile section */

/* Begin PBXFileReference section */
		244AA540E9996EF743E3ADF0 /* Pods_SmackChat.framework */ = {isa = PBXFileReference; explicitFileType = wrapper.framework; includeInIndex = 0; path = Pods_SmackChat.framework; sourceTree = BUILT_PRODUCTS_DIR; };
		62AEA9A508E82589F2DA8724 /* Pods-SmackChat.release.xcconfig */ = {isa = PBXFileReference; includeInIndex = 1; lastKnownFileType = text.xcconfig; name = "Pods-SmackChat.release.xcconfig"; path = "Pods/Target Support Files/Pods-SmackChat/Pods-SmackChat.release.xcconfig"; sourceTree = "<group>"; };
		6706004D1F89B33E00DE605F /* MessageService.swift */ = {isa = PBXFileReference; lastKnownFileType = sourcecode.swift; path = MessageService.swift; sourceTree = "<group>"; };
		6706004F1F89B37400DE605F /* Channel.swift */ = {isa = PBXFileReference; lastKnownFileType = sourcecode.swift; path = Channel.swift; sourceTree = "<group>"; };
		671824F31F6EF15A0041A8B2 /* CreateAccountVC.swift */ = {isa = PBXFileReference; lastKnownFileType = sourcecode.swift; path = CreateAccountVC.swift; sourceTree = "<group>"; };
		671C9EC71F7AD0B5009CF7A4 /* ProfileVCViewController.swift */ = {isa = PBXFileReference; lastKnownFileType = sourcecode.swift; path = ProfileVCViewController.swift; sourceTree = "<group>"; };
		671C9EC81F7AD0B5009CF7A4 /* ProfileVCViewController.xib */ = {isa = PBXFileReference; lastKnownFileType = file.xib; path = ProfileVCViewController.xib; sourceTree = "<group>"; };
		6729AA971F76B9A1006F1A9E /* AvatarPickerVC.swift */ = {isa = PBXFileReference; lastKnownFileType = sourcecode.swift; path = AvatarPickerVC.swift; sourceTree = "<group>"; };
		6729AA991F76BB3E006F1A9E /* AvatarCell.swift */ = {isa = PBXFileReference; lastKnownFileType = sourcecode.swift; path = AvatarCell.swift; sourceTree = "<group>"; };
		6729AA9B1F782690006F1A9E /* CircleImage.swift */ = {isa = PBXFileReference; lastKnownFileType = sourcecode.swift; path = CircleImage.swift; sourceTree = "<group>"; };
		672B1D641F7493DC00928E77 /* UserDataService.swift */ = {isa = PBXFileReference; lastKnownFileType = sourcecode.swift; path = UserDataService.swift; sourceTree = "<group>"; };
		675B0B0E1F68782400BEC18C /* SmackChat.app */ = {isa = PBXFileReference; explicitFileType = wrapper.application; includeInIndex = 0; path = SmackChat.app; sourceTree = BUILT_PRODUCTS_DIR; };
		675B0B111F68782400BEC18C /* AppDelegate.swift */ = {isa = PBXFileReference; lastKnownFileType = sourcecode.swift; path = AppDelegate.swift; sourceTree = "<group>"; };
		675B0B161F68782400BEC18C /* Base */ = {isa = PBXFileReference; lastKnownFileType = file.storyboard; name = Base; path = Base.lproj/Main.storyboard; sourceTree = "<group>"; };
		675B0B181F68782400BEC18C /* Assets.xcassets */ = {isa = PBXFileReference; lastKnownFileType = folder.assetcatalog; path = Assets.xcassets; sourceTree = "<group>"; };
		675B0B1B1F68782400BEC18C /* Base */ = {isa = PBXFileReference; lastKnownFileType = file.storyboard; name = Base; path = Base.lproj/LaunchScreen.storyboard; sourceTree = "<group>"; };
		675B0B1D1F68782400BEC18C /* Info.plist */ = {isa = PBXFileReference; lastKnownFileType = text.plist.xml; path = Info.plist; sourceTree = "<group>"; };
		6778815A1F71B49500AEB24E /* AuthService.swift */ = {isa = PBXFileReference; lastKnownFileType = sourcecode.swift; path = AuthService.swift; sourceTree = "<group>"; };
		6778815C1F71BEFE00AEB24E /* RoundedButton.swift */ = {isa = PBXFileReference; lastKnownFileType = sourcecode.swift; path = RoundedButton.swift; sourceTree = "<group>"; };
		67AA9AD61F687A9700CE6357 /* SmackChat-Bridging-Header.h */ = {isa = PBXFileReference; lastKnownFileType = sourcecode.c.h; path = "SmackChat-Bridging-Header.h"; sourceTree = "<group>"; };
		67AA9AD71F687A9800CE6357 /* SWRevealViewController.h */ = {isa = PBXFileReference; lastKnownFileType = sourcecode.c.h; path = SWRevealViewController.h; sourceTree = "<group>"; };
		67AA9AD81F687A9800CE6357 /* SWRevealViewController.m */ = {isa = PBXFileReference; lastKnownFileType = sourcecode.c.objc; path = SWRevealViewController.m; sourceTree = "<group>"; };
		67AA9ADC1F687C5A00CE6357 /* ChatVC.swift */ = {isa = PBXFileReference; lastKnownFileType = sourcecode.swift; path = ChatVC.swift; sourceTree = "<group>"; };
		67AA9ADE1F687C6C00CE6357 /* ChannelVC.swift */ = {isa = PBXFileReference; lastKnownFileType = sourcecode.swift; path = ChannelVC.swift; sourceTree = "<group>"; };
		67DEA3101F6DBD2300CC6685 /* GradientView.swift */ = {isa = PBXFileReference; lastKnownFileType = sourcecode.swift; path = GradientView.swift; sourceTree = "<group>"; };
		67DEA3131F6DCA2200CC6685 /* Constants.swift */ = {isa = PBXFileReference; lastKnownFileType = sourcecode.swift; path = Constants.swift; sourceTree = "<group>"; };
		67DEA3151F6DCDB700CC6685 /* LoginVC.swift */ = {isa = PBXFileReference; lastKnownFileType = sourcecode.swift; path = LoginVC.swift; sourceTree = "<group>"; };
		CBE312748E638B7C4F85E10B /* Pods-SmackChat.debug.xcconfig */ = {isa = PBXFileReference; includeInIndex = 1; lastKnownFileType = text.xcconfig; name = "Pods-SmackChat.debug.xcconfig"; path = "Pods/Target Support Files/Pods-SmackChat/Pods-SmackChat.debug.xcconfig"; sourceTree = "<group>"; };
/* End PBXFileReference section */

/* Begin PBXFrameworksBuildPhase section */
		675B0B0B1F68782400BEC18C /* Frameworks */ = {
			isa = PBXFrameworksBuildPhase;
			buildActionMask = 2147483647;
			files = (
				002206205DD0AE160B1FB440 /* Pods_SmackChat.framework in Frameworks */,
			);
			runOnlyForDeploymentPostprocessing = 0;
		};
/* End PBXFrameworksBuildPhase section */

/* Begin PBXGroup section */
		671C9ECB1F7AD0D8009CF7A4 /* Xibs */ = {
			isa = PBXGroup;
			children = (
				671C9EC81F7AD0B5009CF7A4 /* ProfileVCViewController.xib */,
			);
			path = Xibs;
			sourceTree = "<group>";
		};
		675B0B051F68782400BEC18C = {
			isa = PBXGroup;
			children = (
				675B0B101F68782400BEC18C /* SmackChat */,
				675B0B0F1F68782400BEC18C /* Products */,
				C74D26B82D4F3EF8E3B92754 /* Pods */,
				B300A5A204DB3C0C7694E9EA /* Frameworks */,
			);
			sourceTree = "<group>";
		};
		675B0B0F1F68782400BEC18C /* Products */ = {
			isa = PBXGroup;
			children = (
				675B0B0E1F68782400BEC18C /* SmackChat.app */,
			);
			name = Products;
			sourceTree = "<group>";
		};
		675B0B101F68782400BEC18C /* SmackChat */ = {
			isa = PBXGroup;
			children = (
				671C9ECB1F7AD0D8009CF7A4 /* Xibs */,
				677881591F71B48000AEB24E /* Services */,
				67DEA3121F6DCA0C00CC6685 /* Utilities */,
				67AA9AD51F687A4A00CE6357 /* Supporting Files */,
				67AA9ADB1F687C3600CE6357 /* Model */,
				67AA9ADA1F687C2F00CE6357 /* View */,
				67AA9AD91F687C2600CE6357 /* Controller */,
				675B0B111F68782400BEC18C /* AppDelegate.swift */,
				675B0B151F68782400BEC18C /* Main.storyboard */,
				675B0B181F68782400BEC18C /* Assets.xcassets */,
				675B0B1A1F68782400BEC18C /* LaunchScreen.storyboard */,
				675B0B1D1F68782400BEC18C /* Info.plist */,
			);
			path = SmackChat;
			sourceTree = "<group>";
		};
		677881591F71B48000AEB24E /* Services */ = {
			isa = PBXGroup;
			children = (
				6778815A1F71B49500AEB24E /* AuthService.swift */,
				672B1D641F7493DC00928E77 /* UserDataService.swift */,
				6706004D1F89B33E00DE605F /* MessageService.swift */,
			);
			path = Services;
			sourceTree = "<group>";
		};
		67AA9AD51F687A4A00CE6357 /* Supporting Files */ = {
			isa = PBXGroup;
			children = (
				67AA9AD71F687A9800CE6357 /* SWRevealViewController.h */,
				67AA9AD81F687A9800CE6357 /* SWRevealViewController.m */,
				67AA9AD61F687A9700CE6357 /* SmackChat-Bridging-Header.h */,
			);
			path = "Supporting Files";
			sourceTree = "<group>";
		};
		67AA9AD91F687C2600CE6357 /* Controller */ = {
			isa = PBXGroup;
			children = (
				67AA9ADC1F687C5A00CE6357 /* ChatVC.swift */,
				67AA9ADE1F687C6C00CE6357 /* ChannelVC.swift */,
				67DEA3151F6DCDB700CC6685 /* LoginVC.swift */,
				671824F31F6EF15A0041A8B2 /* CreateAccountVC.swift */,
				6729AA971F76B9A1006F1A9E /* AvatarPickerVC.swift */,
				671C9EC71F7AD0B5009CF7A4 /* ProfileVCViewController.swift */,
			);
			path = Controller;
			sourceTree = "<group>";
		};
		67AA9ADA1F687C2F00CE6357 /* View */ = {
			isa = PBXGroup;
			children = (
				67DEA3101F6DBD2300CC6685 /* GradientView.swift */,
				6778815C1F71BEFE00AEB24E /* RoundedButton.swift */,
				6729AA991F76BB3E006F1A9E /* AvatarCell.swift */,
				6729AA9B1F782690006F1A9E /* CircleImage.swift */,
			);
			path = View;
			sourceTree = "<group>";
		};
		67AA9ADB1F687C3600CE6357 /* Model */ = {
			isa = PBXGroup;
			children = (
				6706004F1F89B37400DE605F /* Channel.swift */,
			);
			path = Model;
			sourceTree = "<group>";
		};
		67DEA3121F6DCA0C00CC6685 /* Utilities */ = {
			isa = PBXGroup;
			children = (
				67DEA3131F6DCA2200CC6685 /* Constants.swift */,
			);
			path = Utilities;
			sourceTree = "<group>";
		};
		B300A5A204DB3C0C7694E9EA /* Frameworks */ = {
			isa = PBXGroup;
			children = (
				244AA540E9996EF743E3ADF0 /* Pods_SmackChat.framework */,
			);
			name = Frameworks;
			sourceTree = "<group>";
		};
		C74D26B82D4F3EF8E3B92754 /* Pods */ = {
			isa = PBXGroup;
			children = (
				CBE312748E638B7C4F85E10B /* Pods-SmackChat.debug.xcconfig */,
				62AEA9A508E82589F2DA8724 /* Pods-SmackChat.release.xcconfig */,
			);
			name = Pods;
			sourceTree = "<group>";
		};
/* End PBXGroup section */

/* Begin PBXNativeTarget section */
		675B0B0D1F68782400BEC18C /* SmackChat */ = {
			isa = PBXNativeTarget;
			buildConfigurationList = 675B0B201F68782400BEC18C /* Build configuration list for PBXNativeTarget "SmackChat" */;
			buildPhases = (
				979A8817CA084DD83B8605CB /* [CP] Check Pods Manifest.lock */,
				675B0B0A1F68782400BEC18C /* Sources */,
				675B0B0B1F68782400BEC18C /* Frameworks */,
				675B0B0C1F68782400BEC18C /* Resources */,
				6EA86669B02C4BFC051A2720 /* [CP] Embed Pods Frameworks */,
				C41AD32D0C5B0BD6874AEDD5 /* [CP] Copy Pods Resources */,
			);
			buildRules = (
			);
			dependencies = (
			);
			name = SmackChat;
			productName = SmackChat;
			productReference = 675B0B0E1F68782400BEC18C /* SmackChat.app */;
			productType = "com.apple.product-type.application";
		};
/* End PBXNativeTarget section */

/* Begin PBXProject section */
		675B0B061F68782400BEC18C /* Project object */ = {
			isa = PBXProject;
			attributes = {
				LastSwiftUpdateCheck = 0900;
				LastUpgradeCheck = 0900;
				ORGANIZATIONNAME = "Franziska Kammerl";
				TargetAttributes = {
					675B0B0D1F68782400BEC18C = {
						CreatedOnToolsVersion = 9.0;
						LastSwiftMigration = 0900;
					};
				};
			};
			buildConfigurationList = 675B0B091F68782400BEC18C /* Build configuration list for PBXProject "SmackChat" */;
			compatibilityVersion = "Xcode 8.0";
			developmentRegion = en;
			hasScannedForEncodings = 0;
			knownRegions = (
				en,
				Base,
			);
			mainGroup = 675B0B051F68782400BEC18C;
			productRefGroup = 675B0B0F1F68782400BEC18C /* Products */;
			projectDirPath = "";
			projectRoot = "";
			targets = (
				675B0B0D1F68782400BEC18C /* SmackChat */,
			);
		};
/* End PBXProject section */

/* Begin PBXResourcesBuildPhase section */
		675B0B0C1F68782400BEC18C /* Resources */ = {
			isa = PBXResourcesBuildPhase;
			buildActionMask = 2147483647;
			files = (
				675B0B1C1F68782400BEC18C /* LaunchScreen.storyboard in Resources */,
				671C9ECA1F7AD0B5009CF7A4 /* ProfileVCViewController.xib in Resources */,
				675B0B191F68782400BEC18C /* Assets.xcassets in Resources */,
				675B0B171F68782400BEC18C /* Main.storyboard in Resources */,
			);
			runOnlyForDeploymentPostprocessing = 0;
		};
/* End PBXResourcesBuildPhase section */

/* Begin PBXShellScriptBuildPhase section */
		6EA86669B02C4BFC051A2720 /* [CP] Embed Pods Frameworks */ = {
			isa = PBXShellScriptBuildPhase;
			buildActionMask = 2147483647;
			files = (
			);
			inputPaths = (
			);
			name = "[CP] Embed Pods Frameworks";
			outputPaths = (
			);
			runOnlyForDeploymentPostprocessing = 0;
			shellPath = /bin/sh;
			shellScript = "\"${SRCROOT}/Pods/Target Support Files/Pods-SmackChat/Pods-SmackChat-frameworks.sh\"\n";
			showEnvVarsInLog = 0;
		};
		979A8817CA084DD83B8605CB /* [CP] Check Pods Manifest.lock */ = {
			isa = PBXShellScriptBuildPhase;
			buildActionMask = 2147483647;
			files = (
			);
			inputPaths = (
			);
			name = "[CP] Check Pods Manifest.lock";
			outputPaths = (
			);
			runOnlyForDeploymentPostprocessing = 0;
			shellPath = /bin/sh;
			shellScript = "diff \"${PODS_ROOT}/../Podfile.lock\" \"${PODS_ROOT}/Manifest.lock\" > /dev/null\nif [ $? != 0 ] ; then\n    # print error to STDERR\n    echo \"error: The sandbox is not in sync with the Podfile.lock. Run 'pod install' or update your CocoaPods installation.\" >&2\n    exit 1\nfi\n";
			showEnvVarsInLog = 0;
		};
		C41AD32D0C5B0BD6874AEDD5 /* [CP] Copy Pods Resources */ = {
			isa = PBXShellScriptBuildPhase;
			buildActionMask = 2147483647;
			files = (
			);
			inputPaths = (
			);
			name = "[CP] Copy Pods Resources";
			outputPaths = (
			);
			runOnlyForDeploymentPostprocessing = 0;
			shellPath = /bin/sh;
			shellScript = "\"${SRCROOT}/Pods/Target Support Files/Pods-SmackChat/Pods-SmackChat-resources.sh\"\n";
			showEnvVarsInLog = 0;
		};
/* End PBXShellScriptBuildPhase section */

/* Begin PBXSourcesBuildPhase section */
		675B0B0A1F68782400BEC18C /* Sources */ = {
			isa = PBXSourcesBuildPhase;
			buildActionMask = 2147483647;
			files = (
				67AA9ADD1F687C5A00CE6357 /* ChatVC.swift in Sources */,
				6729AA981F76B9A1006F1A9E /* AvatarPickerVC.swift in Sources */,
				671C9EC91F7AD0B5009CF7A4 /* ProfileVCViewController.swift in Sources */,
				6778815D1F71BEFE00AEB24E /* RoundedButton.swift in Sources */,
				670600501F89B37400DE605F /* Channel.swift in Sources */,
				6729AA9C1F782690006F1A9E /* CircleImage.swift in Sources */,
				6706004E1F89B33E00DE605F /* MessageService.swift in Sources */,
				67AA9ADF1F687C6C00CE6357 /* ChannelVC.swift in Sources */,
				672B1D651F7493DC00928E77 /* UserDataService.swift in Sources */,
				671824F41F6EF15A0041A8B2 /* CreateAccountVC.swift in Sources */,
				6778815B1F71B49500AEB24E /* AuthService.swift in Sources */,
				67DEA3161F6DCDB700CC6685 /* LoginVC.swift in Sources */,
				67DEA3111F6DBD2300CC6685 /* GradientView.swift in Sources */,
				6729AA9A1F76BB3E006F1A9E /* AvatarCell.swift in Sources */,
				675B0B121F68782400BEC18C /* AppDelegate.swift in Sources */,
				67364EFD1F69C80100D445C7 /* SWRevealViewController.m in Sources */,
				67DEA3141F6DCA2200CC6685 /* Constants.swift in Sources */,
			);
			runOnlyForDeploymentPostprocessing = 0;
		};
/* End PBXSourcesBuildPhase section */

/* Begin PBXVariantGroup section */
		675B0B151F68782400BEC18C /* Main.storyboard */ = {
			isa = PBXVariantGroup;
			children = (
				675B0B161F68782400BEC18C /* Base */,
			);
			name = Main.storyboard;
			sourceTree = "<group>";
		};
		675B0B1A1F68782400BEC18C /* LaunchScreen.storyboard */ = {
			isa = PBXVariantGroup;
			children = (
				675B0B1B1F68782400BEC18C /* Base */,
			);
			name = LaunchScreen.storyboard;
			sourceTree = "<group>";
		};
/* End PBXVariantGroup section */

/* Begin XCBuildConfiguration section */
		675B0B1E1F68782400BEC18C /* Debug */ = {
			isa = XCBuildConfiguration;
			buildSettings = {
				ALWAYS_SEARCH_USER_PATHS = NO;
				CLANG_ANALYZER_NONNULL = YES;
				CLANG_ANALYZER_NUMBER_OBJECT_CONVERSION = YES_AGGRESSIVE;
				CLANG_CXX_LANGUAGE_STANDARD = "gnu++14";
				CLANG_CXX_LIBRARY = "libc++";
				CLANG_ENABLE_MODULES = YES;
				CLANG_ENABLE_OBJC_ARC = YES;
				CLANG_WARN_BLOCK_CAPTURE_AUTORELEASING = YES;
				CLANG_WARN_BOOL_CONVERSION = YES;
				CLANG_WARN_COMMA = YES;
				CLANG_WARN_CONSTANT_CONVERSION = YES;
				CLANG_WARN_DIRECT_OBJC_ISA_USAGE = YES_ERROR;
				CLANG_WARN_DOCUMENTATION_COMMENTS = YES;
				CLANG_WARN_EMPTY_BODY = YES;
				CLANG_WARN_ENUM_CONVERSION = YES;
				CLANG_WARN_INFINITE_RECURSION = YES;
				CLANG_WARN_INT_CONVERSION = YES;
				CLANG_WARN_NON_LITERAL_NULL_CONVERSION = YES;
				CLANG_WARN_OBJC_LITERAL_CONVERSION = YES;
				CLANG_WARN_OBJC_ROOT_CLASS = YES_ERROR;
				CLANG_WARN_RANGE_LOOP_ANALYSIS = YES;
				CLANG_WARN_STRICT_PROTOTYPES = YES;
				CLANG_WARN_SUSPICIOUS_MOVE = YES;
				CLANG_WARN_UNGUARDED_AVAILABILITY = YES_AGGRESSIVE;
				CLANG_WARN_UNREACHABLE_CODE = YES;
				CLANG_WARN__DUPLICATE_METHOD_MATCH = YES;
				CODE_SIGN_IDENTITY = "iPhone Developer";
				COPY_PHASE_STRIP = NO;
				DEBUG_INFORMATION_FORMAT = dwarf;
				ENABLE_STRICT_OBJC_MSGSEND = YES;
				ENABLE_TESTABILITY = YES;
				GCC_C_LANGUAGE_STANDARD = gnu11;
				GCC_DYNAMIC_NO_PIC = NO;
				GCC_NO_COMMON_BLOCKS = YES;
				GCC_OPTIMIZATION_LEVEL = 0;
				GCC_PREPROCESSOR_DEFINITIONS = (
					"DEBUG=1",
					"$(inherited)",
				);
				GCC_WARN_64_TO_32_BIT_CONVERSION = YES;
				GCC_WARN_ABOUT_RETURN_TYPE = YES_ERROR;
				GCC_WARN_UNDECLARED_SELECTOR = YES;
				GCC_WARN_UNINITIALIZED_AUTOS = YES_AGGRESSIVE;
				GCC_WARN_UNUSED_FUNCTION = YES;
				GCC_WARN_UNUSED_VARIABLE = YES;
				IPHONEOS_DEPLOYMENT_TARGET = 11.0;
				MTL_ENABLE_DEBUG_INFO = YES;
				ONLY_ACTIVE_ARCH = YES;
				OTHER_LDFLAGS = "-ObjC";
				SDKROOT = iphoneos;
				SWIFT_ACTIVE_COMPILATION_CONDITIONS = DEBUG;
				SWIFT_OPTIMIZATION_LEVEL = "-Onone";
			};
			name = Debug;
		};
		675B0B1F1F68782400BEC18C /* Release */ = {
			isa = XCBuildConfiguration;
			buildSettings = {
				ALWAYS_SEARCH_USER_PATHS = NO;
				CLANG_ANALYZER_NONNULL = YES;
				CLANG_ANALYZER_NUMBER_OBJECT_CONVERSION = YES_AGGRESSIVE;
				CLANG_CXX_LANGUAGE_STANDARD = "gnu++14";
				CLANG_CXX_LIBRARY = "libc++";
				CLANG_ENABLE_MODULES = YES;
				CLANG_ENABLE_OBJC_ARC = YES;
				CLANG_WARN_BLOCK_CAPTURE_AUTORELEASING = YES;
				CLANG_WARN_BOOL_CONVERSION = YES;
				CLANG_WARN_COMMA = YES;
				CLANG_WARN_CONSTANT_CONVERSION = YES;
				CLANG_WARN_DIRECT_OBJC_ISA_USAGE = YES_ERROR;
				CLANG_WARN_DOCUMENTATION_COMMENTS = YES;
				CLANG_WARN_EMPTY_BODY = YES;
				CLANG_WARN_ENUM_CONVERSION = YES;
				CLANG_WARN_INFINITE_RECURSION = YES;
				CLANG_WARN_INT_CONVERSION = YES;
				CLANG_WARN_NON_LITERAL_NULL_CONVERSION = YES;
				CLANG_WARN_OBJC_LITERAL_CONVERSION = YES;
				CLANG_WARN_OBJC_ROOT_CLASS = YES_ERROR;
				CLANG_WARN_RANGE_LOOP_ANALYSIS = YES;
				CLANG_WARN_STRICT_PROTOTYPES = YES;
				CLANG_WARN_SUSPICIOUS_MOVE = YES;
				CLANG_WARN_UNGUARDED_AVAILABILITY = YES_AGGRESSIVE;
				CLANG_WARN_UNREACHABLE_CODE = YES;
				CLANG_WARN__DUPLICATE_METHOD_MATCH = YES;
				CODE_SIGN_IDENTITY = "iPhone Developer";
				COPY_PHASE_STRIP = NO;
				DEBUG_INFORMATION_FORMAT = "dwarf-with-dsym";
				ENABLE_NS_ASSERTIONS = NO;
				ENABLE_STRICT_OBJC_MSGSEND = YES;
				GCC_C_LANGUAGE_STANDARD = gnu11;
				GCC_NO_COMMON_BLOCKS = YES;
				GCC_WARN_64_TO_32_BIT_CONVERSION = YES;
				GCC_WARN_ABOUT_RETURN_TYPE = YES_ERROR;
				GCC_WARN_UNDECLARED_SELECTOR = YES;
				GCC_WARN_UNINITIALIZED_AUTOS = YES_AGGRESSIVE;
				GCC_WARN_UNUSED_FUNCTION = YES;
				GCC_WARN_UNUSED_VARIABLE = YES;
				IPHONEOS_DEPLOYMENT_TARGET = 11.0;
				MTL_ENABLE_DEBUG_INFO = NO;
				OTHER_LDFLAGS = "-ObjC";
				SDKROOT = iphoneos;
				SWIFT_OPTIMIZATION_LEVEL = "-Owholemodule";
				VALIDATE_PRODUCT = YES;
			};
			name = Release;
		};
		675B0B211F68782400BEC18C /* Debug */ = {
			isa = XCBuildConfiguration;
			baseConfigurationReference = CBE312748E638B7C4F85E10B /* Pods-SmackChat.debug.xcconfig */;
			buildSettings = {
				ASSETCATALOG_COMPILER_APPICON_NAME = AppIcon;
				CLANG_ENABLE_MODULES = YES;
				INFOPLIST_FILE = SmackChat/Info.plist;
				LD_RUNPATH_SEARCH_PATHS = "$(inherited) @executable_path/Frameworks";
				PRODUCT_BUNDLE_IDENTIFIER = FranziskaKammerl.SmackChat;
				PRODUCT_NAME = "$(TARGET_NAME)";
				SWIFT_OBJC_BRIDGING_HEADER = "Supporting Files/SmackChat-Bridging-Header.h";
				SWIFT_OPTIMIZATION_LEVEL = "-Onone";
				SWIFT_VERSION = 4.0;
				TARGETED_DEVICE_FAMILY = "1,2";
			};
			name = Debug;
		};
		675B0B221F68782400BEC18C /* Release */ = {
			isa = XCBuildConfiguration;
			baseConfigurationReference = 62AEA9A508E82589F2DA8724 /* Pods-SmackChat.release.xcconfig */;
			buildSettings = {
				ASSETCATALOG_COMPILER_APPICON_NAME = AppIcon;
				CLANG_ENABLE_MODULES = YES;
				INFOPLIST_FILE = SmackChat/Info.plist;
				LD_RUNPATH_SEARCH_PATHS = "$(inherited) @executable_path/Frameworks";
				PRODUCT_BUNDLE_IDENTIFIER = FranziskaKammerl.SmackChat;
				PRODUCT_NAME = "$(TARGET_NAME)";
				SWIFT_OBJC_BRIDGING_HEADER = "Supporting Files/SmackChat-Bridging-Header.h";
				SWIFT_VERSION = 4.0;
				TARGETED_DEVICE_FAMILY = "1,2";
			};
			name = Release;
		};
/* End XCBuildConfiguration section */

/* Begin XCConfigurationList section */
		675B0B091F68782400BEC18C /* Build configuration list for PBXProject "SmackChat" */ = {
			isa = XCConfigurationList;
			buildConfigurations = (
				675B0B1E1F68782400BEC18C /* Debug */,
				675B0B1F1F68782400BEC18C /* Release */,
			);
			defaultConfigurationIsVisible = 0;
			defaultConfigurationName = Release;
		};
		675B0B201F68782400BEC18C /* Build configuration list for PBXNativeTarget "SmackChat" */ = {
			isa = XCConfigurationList;
			buildConfigurations = (
				675B0B211F68782400BEC18C /* Debug */,
				675B0B221F68782400BEC18C /* Release */,
			);
			defaultConfigurationIsVisible = 0;
			defaultConfigurationName = Release;
		};
/* End XCConfigurationList section */
	};
	rootObject = 675B0B061F68782400BEC18C /* Project object */;
}
